
Microsoft Visual Studio Solution File, Format Version 12.00
# Visual Studio Version 17
VisualStudioVersion = 17.5.33530.505
MinimumVisualStudioVersion = 10.0.40219.1
Project("{FAE04EC0-301F-11D3-BF4B-00C04F79EFBC}") = "WebApplication1", "WebApplication1\WebApplication1.csproj", "{30C0BBF9-5045-4810-920B-5C89F6E9B85A}"
EndProject
Global
	GlobalSection(SolutionConfigurationPlatforms) = preSolution
		Debug|Any CPU = Debug|Any CPU
		Release|Any CPU = Release|Any CPU
	EndGlobalSection
	GlobalSection(ProjectConfigurationPlatforms) = postSolution
		{30C0BBF9-5045-4810-920B-5C89F6E9B85A}.Debug|Any CPU.ActiveCfg = Debug|Any CPU
		{30C0BBF9-5045-4810-920B-5C89F6E9B85A}.Debug|Any CPU.Build.0 = Debug|Any CPU
		{30C0BBF9-5045-4810-920B-5C89F6E9B85A}.Release|Any CPU.ActiveCfg = Release|Any CPU
		{30C0BBF9-5045-4810-920B-5C89F6E9B85A}.Release|Any CPU.Build.0 = Release|Any CPU
	EndGlobalSection
	GlobalSection(SolutionProperties) = preSolution
		HideSolutionNode = FALSE
	EndGlobalSection
	GlobalSection(ExtensibilityGlobals) = postSolution
		SolutionGuid = {61F966B5-903D-46AD-AE1B-8FE97B6E281F}
	EndGlobalSection
EndGlobal
